
Microsoft Visual Studio Solution File, Format Version 12.00
# Visual Studio Version 17
VisualStudioVersion = 17.3.32929.385
MinimumVisualStudioVersion = 10.0.40219.1
Project("{FAE04EC0-301F-11D3-BF4B-00C04F79EFBC}") = "CalculadoraProfissional", "CalculadoraProfissional\CalculadoraProfissional.csproj", "{F8F8F44E-38AA-4B4A-99CF-B0EF24EE85D4}"
EndProject
Global
	GlobalSection(SolutionConfigurationPlatforms) = preSolution
		Debug|Any CPU = Debug|Any CPU
		Release|Any CPU = Release|Any CPU
	EndGlobalSection
	GlobalSection(ProjectConfigurationPlatforms) = postSolution
		{F8F8F44E-38AA-4B4A-99CF-B0EF24EE85D4}.Debug|Any CPU.ActiveCfg = Debug|Any CPU
		{F8F8F44E-38AA-4B4A-99CF-B0EF24EE85D4}.Debug|Any CPU.Build.0 = Debug|Any CPU
		{F8F8F44E-38AA-4B4A-99CF-B0EF24EE85D4}.Release|Any CPU.ActiveCfg = Release|Any CPU
		{F8F8F44E-38AA-4B4A-99CF-B0EF24EE85D4}.Release|Any CPU.Build.0 = Release|Any CPU
	EndGlobalSection
	GlobalSection(SolutionProperties) = preSolution
		HideSolutionNode = FALSE
	EndGlobalSection
	GlobalSection(ExtensibilityGlobals) = postSolution
		SolutionGuid = {22799D4C-B7BC-45EA-8DA4-E1239834E878}
	EndGlobalSection
EndGlobal
